
Microsoft Visual Studio Solution File, Format Version 12.00
# Visual Studio Version 17
VisualStudioVersion = 17.7.34221.43
MinimumVisualStudioVersion = 10.0.40219.1
Project("{FAE04EC0-301F-11D3-BF4B-00C04F79EFBC}") = "Movie", "Movie.csproj", "{AD4EF3D8-C548-4DEB-9F31-C37C80573401}"
EndProject
Global
	GlobalSection(SolutionConfigurationPlatforms) = preSolution
		Debug|Any CPU = Debug|Any CPU
		Release|Any CPU = Release|Any CPU
	EndGlobalSection
	GlobalSection(ProjectConfigurationPlatforms) = postSolution
		{AD4EF3D8-C548-4DEB-9F31-C37C80573401}.Debug|Any CPU.ActiveCfg = Debug|Any CPU
		{AD4EF3D8-C548-4DEB-9F31-C37C80573401}.Debug|Any CPU.Build.0 = Debug|Any CPU
		{AD4EF3D8-C548-4DEB-9F31-C37C80573401}.Release|Any CPU.ActiveCfg = Release|Any CPU
		{AD4EF3D8-C548-4DEB-9F31-C37C80573401}.Release|Any CPU.Build.0 = Release|Any CPU
	EndGlobalSection
	GlobalSection(SolutionProperties) = preSolution
		HideSolutionNode = FALSE
	EndGlobalSection
	GlobalSection(ExtensibilityGlobals) = postSolution
		SolutionGuid = {74FD974F-F0A7-4A20-9DD3-AE3D172AFA6E}
	EndGlobalSection
EndGlobal
